# THIS IS AN AUTOGENERATED FILE. DO NOT EDIT THIS FILE DIRECTLY.
# yarn lockfile v1


"@types/ckeditor__ckeditor5-adapter-ckfinder@*":
  version "29.0.4"
  resolved "https://registry.yarnpkg.com/@types/ckeditor__ckeditor5-adapter-ckfinder/-/ckeditor__ckeditor5-adapter-ckfinder-29.0.4.tgz#79cecba5f1502df3696e62d5ddffa019ef66b9db"
  integrity sha512-baT+KeQG12qfu0iDu+TIy1BSM/OWzzvH8pTkSIckQhRwEt2mlW8jFNQMZGRi4kAmLabMoLvybiAn1yFDeepddw==
  dependencies:
    "@types/ckeditor__ckeditor5-core" "*"
    "@types/ckeditor__ckeditor5-upload" "*"
    "@types/ckeditor__ckeditor5-utils" "*"

"@types/ckeditor__ckeditor5-alignment@*":
  version "29.0.7"
  resolved "https://registry.yarnpkg.com/@types/ckeditor__ckeditor5-alignment/-/ckeditor__ckeditor5-alignment-29.0.7.tgz#9373a13ad6a950de76f025c440344f21e472a4ab"
  integrity sha512-tZIF0svmHOHIvbnFM074b2CySBKKQxxZG5Y41UFAvkIYxel4LTZmFV3uTbdDTmniLRIbG219vOXtWHOJ5INB/A==
  dependencies:
    "@types/ckeditor__ckeditor5-core" "*"
    "@types/ckeditor__ckeditor5-utils" "*"

"@types/ckeditor__ckeditor5-autoformat@*":
  version "31.0.1"
  resolved "https://registry.yarnpkg.com/@types/ckeditor__ckeditor5-autoformat/-/ckeditor__ckeditor5-autoformat-31.0.1.tgz#65418525e48197c13ce3803169e636d32d777e1b"
  integrity sha512-E2bDInIyq6J5slWDAruCRTCvWxCH1Gm91d70/V2+YKiwpzj0X0EXyIPTqO01xTbdjHbCy9XiGIZ7fVLDrzchNQ==
  dependencies:
    "@types/ckeditor__ckeditor5-core" "*"
    "@types/ckeditor__ckeditor5-engine" "*"
    "@types/ckeditor__ckeditor5-typing" "*"

"@types/ckeditor__ckeditor5-autosave@*":
  version "32.0.0"
  resolved "https://registry.yarnpkg.com/@types/ckeditor__ckeditor5-autosave/-/ckeditor__ckeditor5-autosave-32.0.0.tgz#4d82808bdd3fd44c253759a8aef5a8c41091e649"
  integrity sha512-auGeVgBG4HLXwPTbHQSsfGZcItntaBuBQN8LSreZea0ur4SJ6NKfh25USqIIQs1DUWYMDPiK6ODwSn2mhyfJ2A==
  dependencies:
    "@types/ckeditor__ckeditor5-core" "*"

"@types/ckeditor__ckeditor5-basic-styles@*":
  version "28.0.2"
  resolved "https://registry.yarnpkg.com/@types/ckeditor__ckeditor5-basic-styles/-/ckeditor__ckeditor5-basic-styles-28.0.2.tgz#8ff10fd6b05fb907b8dd518bb5d417db868aa3d3"
  integrity sha512-ap6vMacs5rjcWRlHrYPsZPshHoPR7sruPgbuzduGQCy7X86SglOPwtd6XvMOMItslbLv1wYbJ3h9+S1kBOVvfA==
  dependencies:
    "@types/ckeditor__ckeditor5-core" "*"
    "@types/ckeditor__ckeditor5-typing" "*"

"@types/ckeditor__ckeditor5-block-quote@*":
  version "29.0.4"
  resolved "https://registry.yarnpkg.com/@types/ckeditor__ckeditor5-block-quote/-/ckeditor__ckeditor5-block-quote-29.0.4.tgz#1232d86bf6874487b1a0dd3ac8d7dba499dca75f"
  integrity sha512-FwNayTN7/8hdxCSA9cBiab4rEG3jERy+bF6qgr5pYwCiEthghlKT87IYqFYmVhznSsfqqR3KHi2a6GIfJMHpCA==
  dependencies:
    "@types/ckeditor__ckeditor5-core" "*"
    "@types/ckeditor__ckeditor5-enter" "*"
    "@types/ckeditor__ckeditor5-typing" "*"

"@types/ckeditor__ckeditor5-build-classic@^29.0.1":
  version "29.0.1"
  resolved "https://registry.yarnpkg.com/@types/ckeditor__ckeditor5-build-classic/-/ckeditor__ckeditor5-build-classic-29.0.1.tgz#6ef0abd2a382c78dff22f0bcb287af9ac36f41cc"
  integrity sha512-liWJN2v9xSJSLuU048nO7i7dr49T4REWhqSe7D7qcGcY3M5n7bVZnSNUnmBCB61WJg5iBl+KfwfdpDIDYp7+XQ==
  dependencies:
    "@types/ckeditor__ckeditor5-adapter-ckfinder" "*"
    "@types/ckeditor__ckeditor5-autoformat" "*"
    "@types/ckeditor__ckeditor5-basic-styles" "*"
    "@types/ckeditor__ckeditor5-block-quote" "*"
    "@types/ckeditor__ckeditor5-ckfinder" "*"
    "@types/ckeditor__ckeditor5-cloud-services" "*"
    "@types/ckeditor__ckeditor5-easy-image" "*"
    "@types/ckeditor__ckeditor5-editor-classic" "*"
    "@types/ckeditor__ckeditor5-essentials" "*"
    "@types/ckeditor__ckeditor5-heading" "*"
    "@types/ckeditor__ckeditor5-image" "*"
    "@types/ckeditor__ckeditor5-indent" "*"
    "@types/ckeditor__ckeditor5-link" "*"
    "@types/ckeditor__ckeditor5-list" "*"
    "@types/ckeditor__ckeditor5-media-embed" "*"
    "@types/ckeditor__ckeditor5-paragraph" "*"
    "@types/ckeditor__ckeditor5-paste-from-office" "*"
    "@types/ckeditor__ckeditor5-table" "*"
    "@types/ckeditor__ckeditor5-typing" "*"

"@types/ckeditor__ckeditor5-ckfinder@*":
  version "29.0.3"
  resolved "https://registry.yarnpkg.com/@types/ckeditor__ckeditor5-ckfinder/-/ckeditor__ckeditor5-ckfinder-29.0.3.tgz#d6b3b31e9a6d172efd429346819bad30a220ee69"
  integrity sha512-RQVFIg/RrJzaA19FHD9Qzzl36sVUyyqY9ozWhEUWAmlKMUZW0MQBBtMN3vX5dZ81JtOaPVcwklNAa2yw6dqlkg==
  dependencies:
    "@types/ckeditor__ckeditor5-adapter-ckfinder" "*"
    "@types/ckeditor__ckeditor5-core" "*"
    "@types/ckeditor__ckeditor5-link" "*"
    "@types/ckeditor__ckeditor5-ui" "*"

"@types/ckeditor__ckeditor5-clipboard@*":
  version "29.0.5"
  resolved "https://registry.yarnpkg.com/@types/ckeditor__ckeditor5-clipboard/-/ckeditor__ckeditor5-clipboard-29.0.5.tgz#ecec4729b572083873eae6063888f268493e2564"
  integrity sha512-AN7iniYu2C417LRNuOBIirBokStvPwXm/NG72o9Ivfn0/i7J0VZiJ8KGp7Wmvrcg/bhFYfZsTbEOVW2c/59Rjg==
  dependencies:
    "@types/ckeditor__ckeditor5-core" "*"
    "@types/ckeditor__ckeditor5-engine" "*"
    "@types/ckeditor__ckeditor5-widget" "*"

"@types/ckeditor__ckeditor5-cloud-services@*":
  version "29.0.4"
  resolved "https://registry.yarnpkg.com/@types/ckeditor__ckeditor5-cloud-services/-/ckeditor__ckeditor5-cloud-services-29.0.4.tgz#b88c7b9100fcf81bcf89ac8b4b32b8a14d625fd4"
  integrity sha512-fZOj+HBQbGFJg3SwUYqfdIQtFNnG2U2OCWkKDCIzUuejkdSeicF8P5GLSyNuDP0nTDdQMBqEWgzljqLZkJnkHg==
  dependencies:
    "@types/ckeditor__ckeditor5-core" "*"
    "@types/ckeditor__ckeditor5-utils" "*"

"@types/ckeditor__ckeditor5-code-block@*":
  version "29.0.3"
  resolved "https://registry.yarnpkg.com/@types/ckeditor__ckeditor5-code-block/-/ckeditor__ckeditor5-code-block-29.0.3.tgz#fa4f7044e6a8c4de125758889f4539344e4921b4"
  integrity sha512-x3D3B8I21za6VShc3twNRzKBN4+1+pOrsXhb+TPgQLG2Q9oeRgPXhaHMhdXGAGebMWhdFlPs0lTNsQTCVjXm6A==
  dependencies:
    "@types/ckeditor__ckeditor5-core" "*"
    "@types/ckeditor__ckeditor5-engine" "*"
    "@types/ckeditor__ckeditor5-enter" "*"
    "@types/ckeditor__ckeditor5-utils" "*"

"@types/ckeditor__ckeditor5-collaboration-core@*":
  version "27.1.2"
  resolved "https://registry.yarnpkg.com/@types/ckeditor__ckeditor5-collaboration-core/-/ckeditor__ckeditor5-collaboration-core-27.1.2.tgz#d26ce86970bb5a7daef361805d83da7da743a97f"
  integrity sha512-g0AKoJw820i/Biho6S9qYH1SaedjXr2P/gmnqO3k8/6HWiIMALaGDUkMgYvQC5nr+ZXIzLtv04Y0eb/9H1W3DQ==
  dependencies:
    "@types/ckeditor__ckeditor5-engine" "*"
    "@types/ckeditor__ckeditor5-utils" "*"

"@types/ckeditor__ckeditor5-core@*":
  version "33.0.3"
  resolved "https://registry.yarnpkg.com/@types/ckeditor__ckeditor5-core/-/ckeditor__ckeditor5-core-33.0.3.tgz#6fdbeb672ebb652411dd85629e976d112ca80561"
  integrity sha512-mVaU5+faOZ/2eR2jZb26H0JLqHLV/4a/p1/t7K9l8j5fMWTcubE5FRifjCk/TowazNW+/xcgRinyFnnUtNFUTQ==
  dependencies:
    "@types/ckeditor__ckeditor5-alignment" "*"
    "@types/ckeditor__ckeditor5-autosave" "*"
    "@types/ckeditor__ckeditor5-ckfinder" "*"
    "@types/ckeditor__ckeditor5-cloud-services" "*"
    "@types/ckeditor__ckeditor5-code-block" "*"
    "@types/ckeditor__ckeditor5-engine" "*"
    "@types/ckeditor__ckeditor5-export-pdf" "*"
    "@types/ckeditor__ckeditor5-export-word" "*"
    "@types/ckeditor__ckeditor5-font" "*"
    "@types/ckeditor__ckeditor5-heading" "*"
    "@types/ckeditor__ckeditor5-highlight" "*"
    "@types/ckeditor__ckeditor5-image" "*"
    "@types/ckeditor__ckeditor5-indent" "*"
    "@types/ckeditor__ckeditor5-language" "*"
    "@types/ckeditor__ckeditor5-link" "*"
    "@types/ckeditor__ckeditor5-media-embed" "*"
    "@types/ckeditor__ckeditor5-mention" "*"
    "@types/ckeditor__ckeditor5-minimap" "*"
    "@types/ckeditor__ckeditor5-pagination" "*"
    "@types/ckeditor__ckeditor5-real-time-collaboration" "*"
    "@types/ckeditor__ckeditor5-restricted-editing" "*"
    "@types/ckeditor__ckeditor5-table" "*"
    "@types/ckeditor__ckeditor5-track-changes" "*"
    "@types/ckeditor__ckeditor5-typing" "*"
    "@types/ckeditor__ckeditor5-ui" "*"
    "@types/ckeditor__ckeditor5-upload" "*"
    "@types/ckeditor__ckeditor5-utils" "*"
    "@types/ckeditor__ckeditor5-word-count" "*"

"@types/ckeditor__ckeditor5-easy-image@*":
  version "29.0.2"
  resolved "https://registry.yarnpkg.com/@types/ckeditor__ckeditor5-easy-image/-/ckeditor__ckeditor5-easy-image-29.0.2.tgz#12c7aecfbf3c41451fd6d0237c72b46b54463cb5"
  integrity sha512-pyBp+c0u1YydwAlWBubKzQrVkYmSApOjLmoc+F1yy/VuLelUhklaKnDlXo8HOjRXAndPHax0Yr966CWM7pQlpA==
  dependencies:
    "@types/ckeditor__ckeditor5-cloud-services" "*"
    "@types/ckeditor__ckeditor5-core" "*"
    "@types/ckeditor__ckeditor5-image" "*"
    "@types/ckeditor__ckeditor5-upload" "*"

"@types/ckeditor__ckeditor5-editor-classic@*":
  version "27.1.2"
  resolved "https://registry.yarnpkg.com/@types/ckeditor__ckeditor5-editor-classic/-/ckeditor__ckeditor5-editor-classic-27.1.2.tgz#aee8ff64ac9b5747c5e8ea6ff1ba1757b9fc08fb"
  integrity sha512-Xrxav0Bq+rxr/H//nK4+n9o0GpHHMJpfe96wAm4EbjTI5mbBQYH5mCZmKdU8JzQTq6DUF8w9D92RIShqx0rvLw==
  dependencies:
    "@types/ckeditor__ckeditor5-core" "*"
    "@types/ckeditor__ckeditor5-engine" "*"
    "@types/ckeditor__ckeditor5-ui" "*"
    "@types/ckeditor__ckeditor5-utils" "*"

"@types/ckeditor__ckeditor5-engine@*":
  version "32.0.11"
  resolved "https://registry.yarnpkg.com/@types/ckeditor__ckeditor5-engine/-/ckeditor__ckeditor5-engine-32.0.11.tgz#2a210a0a1e92a55c6ac1208e13fc0d194dfc9325"
  integrity sha512-mjP5DE+VvVdUqgn9SL1qTr5HRouG6xj+hiFu4Hzz3HWLLBaCEfK6dPUTc6/QM/nMNlNl8Ux9551qCYMoKanzvw==
  dependencies:
    "@types/ckeditor__ckeditor5-engine" "*"
    "@types/ckeditor__ckeditor5-utils" "*"

"@types/ckeditor__ckeditor5-enter@*":
  version "27.0.3"
  resolved "https://registry.yarnpkg.com/@types/ckeditor__ckeditor5-enter/-/ckeditor__ckeditor5-enter-27.0.3.tgz#8155018e1a40c7f2423b9e025f60b4aa7f42b401"
  integrity sha512-qFv9QXk/kXkHQaS748FnO+XZoLOp34x25hOWpOFgBGbrfSZxJ6rYE+vk6BbX+b7sakj7glMctYeitNfGRMcVDQ==
  dependencies:
    "@types/ckeditor__ckeditor5-core" "*"
    "@types/ckeditor__ckeditor5-engine" "*"

"@types/ckeditor__ckeditor5-essentials@*":
  version "28.0.3"
  resolved "https://registry.yarnpkg.com/@types/ckeditor__ckeditor5-essentials/-/ckeditor__ckeditor5-essentials-28.0.3.tgz#b82e927a2e6b581b79596bd0f15f0d4357cbe5e9"
  integrity sha512-vHtxf97CSVTRMGpxsEfDduRASHL32+9rvr1bVTmLlTgdykMiP0HY+TmFt07XtDTCpwAShehLu4bc8Qg4mkCCCA==
  dependencies:
    "@types/ckeditor__ckeditor5-clipboard" "*"
    "@types/ckeditor__ckeditor5-core" "*"
    "@types/ckeditor__ckeditor5-enter" "*"
    "@types/ckeditor__ckeditor5-select-all" "*"
    "@types/ckeditor__ckeditor5-typing" "*"
    "@types/ckeditor__ckeditor5-undo" "*"

"@types/ckeditor__ckeditor5-export-pdf@*":
  version "31.0.0"
  resolved "https://registry.yarnpkg.com/@types/ckeditor__ckeditor5-export-pdf/-/ckeditor__ckeditor5-export-pdf-31.0.0.tgz#c0d5bf866d23ae160c48e8e08ab804c277686007"
  integrity sha512-ZQdL2eI/zpPtmMB8Qd5VHqvDx8VNsnCs4SPMWgSG1lrwC7tM0cnyLkCcVxHQYcvZIlihzEF/QJJ+AV9waxT9Pg==
  dependencies:
    "@types/ckeditor__ckeditor5-core" "*"
    "@types/ckeditor__ckeditor5-utils" "*"

"@types/ckeditor__ckeditor5-export-word@*":
  version "27.0.4"
  resolved "https://registry.yarnpkg.com/@types/ckeditor__ckeditor5-export-word/-/ckeditor__ckeditor5-export-word-27.0.4.tgz#300f35178cb873dc40eaacd21035afe437b0f70c"
  integrity sha512-2cpRFCsTHUh3xlbr3IdqfxhRs2AnfvViT0qekhk3SnP9VsUBiqN9CPcgGkBvk3huv30w5kiIpT2UH8l1Ff5Biw==
  dependencies:
    "@types/ckeditor__ckeditor5-core" "*"
    "@types/ckeditor__ckeditor5-utils" "*"

"@types/ckeditor__ckeditor5-font@*":
  version "33.0.1"
  resolved "https://registry.yarnpkg.com/@types/ckeditor__ckeditor5-font/-/ckeditor__ckeditor5-font-33.0.1.tgz#f0f0aecc6694cabd3b74d4a1762951f9d66ae3d0"
  integrity sha512-Hllu+akGhKWRtdahWqkewbmRV4DwPxuXjYzjlvqKoPMNst6UcBOYxeLR/HKoIqI4bn4Vc/p7mZvzKJs0R7CNGw==
  dependencies:
    "@types/ckeditor__ckeditor5-core" "*"
    "@types/ckeditor__ckeditor5-engine" "*"
    "@types/ckeditor__ckeditor5-ui" "*"
    "@types/ckeditor__ckeditor5-utils" "*"

"@types/ckeditor__ckeditor5-heading@*":
  version "29.0.3"
  resolved "https://registry.yarnpkg.com/@types/ckeditor__ckeditor5-heading/-/ckeditor__ckeditor5-heading-29.0.3.tgz#2c95796e0e6c338e68b2aadd947616548adf5472"
  integrity sha512-GfitzATatW4/ZJZ10VFI2OU1nG+r+c7JDHC/s/+9NzkqAyOEd8XTScAX0Sape+vqoNvnMUSAHNa03/ktAjDIqQ==
  dependencies:
    "@types/ckeditor__ckeditor5-core" "*"
    "@types/ckeditor__ckeditor5-engine" "*"
    "@types/ckeditor__ckeditor5-paragraph" "*"

"@types/ckeditor__ckeditor5-highlight@*":
  version "29.0.3"
  resolved "https://registry.yarnpkg.com/@types/ckeditor__ckeditor5-highlight/-/ckeditor__ckeditor5-highlight-29.0.3.tgz#f028cbde1f27125627f37d2a91e2eb1e1b763ee8"
  integrity sha512-Akq45EwzdI/egK/5YpKkoyYkEvq0w1EaBZMNOaKn8HaNFmhI2mQPwNzGHfEjbGDpKalI9cNTo0ImvqcqNgF+hg==
  dependencies:
    "@types/ckeditor__ckeditor5-core" "*"

"@types/ckeditor__ckeditor5-image@*":
  version "33.0.0"
  resolved "https://registry.yarnpkg.com/@types/ckeditor__ckeditor5-image/-/ckeditor__ckeditor5-image-33.0.0.tgz#7dc99e84409e7a34b3f998c1ac23a233cd012c98"
  integrity sha512-rEu93lPml8CuG8UesJa3BBH6Bi84eskeHXgH5kXCPi+lGQvhHd3VrNWa6XgihnO4Z/60i4IYhW48vdWZJ/Iv/A==
  dependencies:
    "@types/ckeditor__ckeditor5-clipboard" "*"
    "@types/ckeditor__ckeditor5-core" "*"
    "@types/ckeditor__ckeditor5-engine" "*"
    "@types/ckeditor__ckeditor5-image" "*"
    "@types/ckeditor__ckeditor5-typing" "*"
    "@types/ckeditor__ckeditor5-ui" "*"
    "@types/ckeditor__ckeditor5-undo" "*"
    "@types/ckeditor__ckeditor5-upload" "*"
    "@types/ckeditor__ckeditor5-utils" "*"
    "@types/ckeditor__ckeditor5-widget" "*"

"@types/ckeditor__ckeditor5-indent@*":
  version "29.0.3"
  resolved "https://registry.yarnpkg.com/@types/ckeditor__ckeditor5-indent/-/ckeditor__ckeditor5-indent-29.0.3.tgz#0d99fbe9e1381251ccfe941b31216134061609df"
  integrity sha512-ijVRz3hVR+KT4AmaHxOIyFd/Wi+XLtf5zDQuHP1DMAYgwudj6VGTfFl4vpebFB5wrWeY8EzkJZO1KsRlI21QdA==
  dependencies:
    "@types/ckeditor__ckeditor5-core" "*"

"@types/ckeditor__ckeditor5-language@*":
  version "32.0.0"
  resolved "https://registry.yarnpkg.com/@types/ckeditor__ckeditor5-language/-/ckeditor__ckeditor5-language-32.0.0.tgz#602fc25a32a72d49bb735e9d4f7fbaaad884c33c"
  integrity sha512-8vd0nRXXZgV5oUF0g6DdBfwWAj3KlQGjpMgxgp6cXBQJ86fINCyyGpqpSmd5L4iSrJHAN3OfQaKLlh9PHLcCVQ==
  dependencies:
    "@types/ckeditor__ckeditor5-core" "*"

"@types/ckeditor__ckeditor5-link@*":
  version "32.0.4"
  resolved "https://registry.yarnpkg.com/@types/ckeditor__ckeditor5-link/-/ckeditor__ckeditor5-link-32.0.4.tgz#350a67ee5119aa35eaa351cbaf889920c2702b90"
  integrity sha512-ElABiBSynJvNpJ6kFSrOKfhtmVYUv7i158akP5VBnvI744hmvM3vl8D3Jjfj+/xKBFkHpJG9YN9XA0BSr+sOqA==
  dependencies:
    "@types/ckeditor__ckeditor5-clipboard" "*"
    "@types/ckeditor__ckeditor5-core" "*"
    "@types/ckeditor__ckeditor5-engine" "*"
    "@types/ckeditor__ckeditor5-image" "*"
    "@types/ckeditor__ckeditor5-typing" "*"
    "@types/ckeditor__ckeditor5-ui" "*"
    "@types/ckeditor__ckeditor5-utils" "*"

"@types/ckeditor__ckeditor5-list@*":
  version "32.0.1"
  resolved "https://registry.yarnpkg.com/@types/ckeditor__ckeditor5-list/-/ckeditor__ckeditor5-list-32.0.1.tgz#2c6b6f6eba3cfc54f361dec6262940d5d547a4ea"
  integrity sha512-FJxpxq56CgyRhI3DAaxWuKFHQH2ZZPFyKgj/3kF3qMbS2YJ2bBhh9/IfnMi1R2Gesdm0aNgCzM/Q+xp3j4ftHQ==
  dependencies:
    "@types/ckeditor__ckeditor5-core" "*"
    "@types/ckeditor__ckeditor5-engine" "*"
    "@types/ckeditor__ckeditor5-enter" "*"
    "@types/ckeditor__ckeditor5-typing" "*"
    "@types/ckeditor__ckeditor5-ui" "*"
    "@types/ckeditor__ckeditor5-utils" "*"

"@types/ckeditor__ckeditor5-media-embed@*":
  version "29.0.3"
  resolved "https://registry.yarnpkg.com/@types/ckeditor__ckeditor5-media-embed/-/ckeditor__ckeditor5-media-embed-29.0.3.tgz#ab0181cafc3e59ef36bfb7d812c6e34699013dcb"
  integrity sha512-Z1EAZ/s04KTh+MJHZ2Xj2ugwX8lOBmlga7BWdzO4/HkJVeNzozWjp4Kxj9bxVr3GA+EaGWS6MHqgnhtN4gqhfg==
  dependencies:
    "@types/ckeditor__ckeditor5-clipboard" "*"
    "@types/ckeditor__ckeditor5-core" "*"
    "@types/ckeditor__ckeditor5-engine" "*"
    "@types/ckeditor__ckeditor5-typing" "*"
    "@types/ckeditor__ckeditor5-ui" "*"
    "@types/ckeditor__ckeditor5-undo" "*"
    "@types/ckeditor__ckeditor5-utils" "*"
    "@types/ckeditor__ckeditor5-widget" "*"

"@types/ckeditor__ckeditor5-mention@*":
  version "31.0.0"
  resolved "https://registry.yarnpkg.com/@types/ckeditor__ckeditor5-mention/-/ckeditor__ckeditor5-mention-31.0.0.tgz#163b305f25b4db6e9c3d76c0749dad62ef4ee258"
  integrity sha512-V2Xq+OrpegeKK6lWaJkpKLZNgW/nLZPhRl6p1rirKsEyVpxxjFO3qSZr3Byb7lxeRkyVLgR23hVgcvt8vfb5AQ==
  dependencies:
    "@types/ckeditor__ckeditor5-core" "*"
    "@types/ckeditor__ckeditor5-engine" "*"
    "@types/ckeditor__ckeditor5-ui" "*"
    "@types/ckeditor__ckeditor5-utils" "*"

"@types/ckeditor__ckeditor5-minimap@*":
  version "33.0.0"
  resolved "https://registry.yarnpkg.com/@types/ckeditor__ckeditor5-minimap/-/ckeditor__ckeditor5-minimap-33.0.0.tgz#8f532dc8e74990a9ae7e202db053ed60857f2882"
  integrity sha512-XLu/QyyWVMzQseSqo/hQDWoBKzpZS83pXUwUmJcnXoK+lxaxuh8hYxY8W9qY5vrhh2IHocyrNnjMsLJLtu9FTA==
  dependencies:
    "@types/ckeditor__ckeditor5-core" "*"
    "@types/ckeditor__ckeditor5-ui" "*"
    "@types/ckeditor__ckeditor5-utils" "*"

"@types/ckeditor__ckeditor5-pagination@*":
  version "27.0.3"
  resolved "https://registry.yarnpkg.com/@types/ckeditor__ckeditor5-pagination/-/ckeditor__ckeditor5-pagination-27.0.3.tgz#6ef4eef74d9bb67f517a127fccaf0dab35d7afca"
  integrity sha512-2kyuvQyyi30aZbZHCh0wGpSVp9Q+v5N5AvEHAuSvj6/GOmPRdxK4YyAK/aO3FapUb3bxgvQilyIdA6JtIx1inQ==
  dependencies:
    "@types/ckeditor__ckeditor5-core" "*"

"@types/ckeditor__ckeditor5-paragraph@*":
  version "27.0.5"
  resolved "https://registry.yarnpkg.com/@types/ckeditor__ckeditor5-paragraph/-/ckeditor__ckeditor5-paragraph-27.0.5.tgz#51f477f132088039c41536b1c6da48d2bc03b57a"
  integrity sha512-Clevh7N4G15uFZky505TIM+9qYh9Qwf1oULyh9ntsCxDUNMpqhbmRjC/9J+qcTNLLZ1xppEs75r3ejM01ZkcQg==
  dependencies:
    "@types/ckeditor__ckeditor5-core" "*"
    "@types/ckeditor__ckeditor5-engine" "*"

"@types/ckeditor__ckeditor5-paste-from-office@*":
  version "29.0.1"
  resolved "https://registry.yarnpkg.com/@types/ckeditor__ckeditor5-paste-from-office/-/ckeditor__ckeditor5-paste-from-office-29.0.1.tgz#2544d6f6d8b240885a2c5abb47adcda6fa8f123f"
  integrity sha512-/Asiwf6/cIA1R0tLIpsdiwyqOKYGQLc9va/GdTeZSAj1YG5OENeMlUK32pRth5BxS7dFlhK/xDsP5NhY/ZEUvQ==
  dependencies:
    "@types/ckeditor__ckeditor5-clipboard" "*"
    "@types/ckeditor__ckeditor5-core" "*"
    "@types/ckeditor__ckeditor5-engine" "*"

"@types/ckeditor__ckeditor5-real-time-collaboration@*":
  version "32.0.0"
  resolved "https://registry.yarnpkg.com/@types/ckeditor__ckeditor5-real-time-collaboration/-/ckeditor__ckeditor5-real-time-collaboration-32.0.0.tgz#7ea005f129717c047c8b7cf00fd81f0f5a61cfe3"
  integrity sha512-u93DiYz2Q2+0ILR4srrmabWYlBx1LTcEusSbE7ylvQrcTs4qmgWlio81FyEMEtn9G5hG4kqH/WN0WfhHjWoFTQ==
  dependencies:
    "@types/ckeditor__ckeditor5-collaboration-core" "*"
    "@types/ckeditor__ckeditor5-core" "*"
    "@types/ckeditor__ckeditor5-engine" "*"
    "@types/ckeditor__ckeditor5-utils" "*"

"@types/ckeditor__ckeditor5-restricted-editing@*":
  version "32.0.0"
  resolved "https://registry.yarnpkg.com/@types/ckeditor__ckeditor5-restricted-editing/-/ckeditor__ckeditor5-restricted-editing-32.0.0.tgz#0e52b987e17de11eb191327de3ebc578e7804c4e"
  integrity sha512-FCOqLUbMxHBaghkXuVHl6hJy9VmimlEXPiMSHeK1jmjq3prsCvavup31Ps+zhwPlo0Bd7aS7GBdUJPGuYkYP9w==
  dependencies:
    "@types/ckeditor__ckeditor5-core" "*"
    "@types/ckeditor__ckeditor5-engine" "*"
    "@types/ckeditor__ckeditor5-utils" "*"

"@types/ckeditor__ckeditor5-select-all@*":
  version "31.0.0"
  resolved "https://registry.yarnpkg.com/@types/ckeditor__ckeditor5-select-all/-/ckeditor__ckeditor5-select-all-31.0.0.tgz#3a0659402f633ea883e42ecca7c014184c853833"
  integrity sha512-Sgp9N7HHdRcE+9UZlamI3f3ZUCt1fbAYyBv3OhmS9RO9Ev/vejGcSCh3tEddzLfqBcU9HNnl39SQK0zCjeKLEA==
  dependencies:
    "@types/ckeditor__ckeditor5-core" "*"

"@types/ckeditor__ckeditor5-table@*":
  version "33.0.0"
  resolved "https://registry.yarnpkg.com/@types/ckeditor__ckeditor5-table/-/ckeditor__ckeditor5-table-33.0.0.tgz#b30ec89e5c9da1cc0a0c49c0d5a1812d0fdc4187"
  integrity sha512-a711hMOd4u/zqP/dTvEoP/bpnKLxfRasaZtiv3kepIAYub2Acz5ZOi9Gha71sWRwGK3Jeq+4q8gPuNJHYSRttQ==
  dependencies:
    "@types/ckeditor__ckeditor5-core" "*"
    "@types/ckeditor__ckeditor5-engine" "*"
    "@types/ckeditor__ckeditor5-ui" "*"
    "@types/ckeditor__ckeditor5-utils" "*"
    "@types/ckeditor__ckeditor5-widget" "*"

"@types/ckeditor__ckeditor5-track-changes@*":
  version "32.0.0"
  resolved "https://registry.yarnpkg.com/@types/ckeditor__ckeditor5-track-changes/-/ckeditor__ckeditor5-track-changes-32.0.0.tgz#768e1b30f232d8ad2a5fb80f6c133b6395eeb9c3"
  integrity sha512-fFe+Tnni2BzrnOYD46zSkAf/StCSAaClN+lILHlWGBKo1xMod1T+hcsrnPkVrFwYSlXraDIvJIEeArrXYCKGnA==
  dependencies:
    "@types/ckeditor__ckeditor5-collaboration-core" "*"
    "@types/ckeditor__ckeditor5-core" "*"
    "@types/ckeditor__ckeditor5-engine" "*"
    "@types/ckeditor__ckeditor5-ui" "*"
    "@types/ckeditor__ckeditor5-utils" "*"

"@types/ckeditor__ckeditor5-typing@*":
  version "32.0.1"
  resolved "https://registry.yarnpkg.com/@types/ckeditor__ckeditor5-typing/-/ckeditor__ckeditor5-typing-32.0.1.tgz#069f2bb3dfd5dc3ef967b8dc322972ffbf332512"
  integrity sha512-DskFBdfcUACpxVjhdpZTCD8H3gnG/zu08kWyT6TczuBJEXTRoCfX/lZ0Dh7sd20/dxow21pLC4V9Uv/yNUquBA==
  dependencies:
    "@types/ckeditor__ckeditor5-core" "*"
    "@types/ckeditor__ckeditor5-engine" "*"
    "@types/ckeditor__ckeditor5-utils" "*"

"@types/ckeditor__ckeditor5-ui@*":
  version "32.0.2"
  resolved "https://registry.yarnpkg.com/@types/ckeditor__ckeditor5-ui/-/ckeditor__ckeditor5-ui-32.0.2.tgz#52b3091fa9edf1d8598ea921b7aec1804fa9792c"
  integrity sha512-0cAaEtXB+i8jnSQMVB50LqI91gJkmG8AnFsowpRPJczsnakMNYTlV+cEhPMe2RbwWxScler0jLmUNsbEORZOTw==
  dependencies:
    "@types/ckeditor__ckeditor5-core" "*"
    "@types/ckeditor__ckeditor5-engine" "*"
    "@types/ckeditor__ckeditor5-ui" "*"
    "@types/ckeditor__ckeditor5-utils" "*"

"@types/ckeditor__ckeditor5-undo@*":
  version "27.0.3"
  resolved "https://registry.yarnpkg.com/@types/ckeditor__ckeditor5-undo/-/ckeditor__ckeditor5-undo-27.0.3.tgz#62ae80964188a9050be269b72fc3d64a5b09d146"
  integrity sha512-UpbmO0V82XvoVsnIjdM1Cb9RE9lB9vxGYKkQUzGwtw4wZbMb1A+CMIYkZIXO3aNs6x42F562ymFpjjkHBzgLHA==
  dependencies:
    "@types/ckeditor__ckeditor5-core" "*"
    "@types/ckeditor__ckeditor5-engine" "*"

"@types/ckeditor__ckeditor5-upload@*":
  version "27.0.7"
  resolved "https://registry.yarnpkg.com/@types/ckeditor__ckeditor5-upload/-/ckeditor__ckeditor5-upload-27.0.7.tgz#aa3c4ab0ef76d7921609402315531d6be35195c0"
  integrity sha512-E8ubVL/94RX4qQe5M7OmSEmH1sTRfz0cwSmfe/vRlTedzM5pzwczXXMYzbnbz28UzOmraOS0Zgq+9WVBcPHJ6Q==
  dependencies:
    "@types/ckeditor__ckeditor5-core" "*"
    "@types/ckeditor__ckeditor5-ui" "*"
    "@types/ckeditor__ckeditor5-utils" "*"

"@types/ckeditor__ckeditor5-utils@*":
  version "28.0.14"
  resolved "https://registry.yarnpkg.com/@types/ckeditor__ckeditor5-utils/-/ckeditor__ckeditor5-utils-28.0.14.tgz#a1c19096583efb68dee7bc9f832916cee996db11"
  integrity sha512-EJmGXoBOAxSwQIWdj3EEx4f7LWLkAP5P5RNYnWEUwBO3e3MdtLt/f8mTRyx1bnt1dmdrrAKD9hVJx1216vXOnQ==
  dependencies:
    "@types/ckeditor__ckeditor5-core" "*"
    "@types/ckeditor__ckeditor5-engine" "*"

"@types/ckeditor__ckeditor5-widget@*":
  version "33.0.1"
  resolved "https://registry.yarnpkg.com/@types/ckeditor__ckeditor5-widget/-/ckeditor__ckeditor5-widget-33.0.1.tgz#3cd14a3f36c2715c8ca662a6dfecd066842be8b0"
  integrity sha512-dHhFdVj2LFo0nCYJOYB5hohZiJNrkI0xICBBejbnzHxzyjxgYpaUoOKsItjxl49DeCdEJ82DU9Wu/cpmTJyCKw==
  dependencies:
    "@types/ckeditor__ckeditor5-core" "*"
    "@types/ckeditor__ckeditor5-engine" "*"
    "@types/ckeditor__ckeditor5-enter" "*"
    "@types/ckeditor__ckeditor5-typing" "*"
    "@types/ckeditor__ckeditor5-ui" "*"
    "@types/ckeditor__ckeditor5-utils" "*"

"@types/ckeditor__ckeditor5-word-count@*":
  version "29.0.2"
  resolved "https://registry.yarnpkg.com/@types/ckeditor__ckeditor5-word-count/-/ckeditor__ckeditor5-word-count-29.0.2.tgz#b20bd0d841769f2338b885b9ac5518894e3571b5"
  integrity sha512-eZ9NwCtTsWOLtNYxLfNvBLx6DfcPgYh4+2p9508zQbQ4x9jMOgs9Vx4tGbFVM501eIGCp4g1XjobbWGuBJqpMA==
  dependencies:
    "@types/ckeditor__ckeditor5-core" "*"
    "@types/ckeditor__ckeditor5-engine" "*"
